{
  "originHash" : "7b13b32ed2ba7156bc37b07f186e124297f9e6b5eeb0e3d2acd66a053fabbe32",
  "pins" : [
    {
      "identity" : "couchbase-lite-ios",
      "kind" : "remoteSourceControl",
      "location" : "https://github.com/couchbase/couchbase-lite-ios",
      "state" : {
        "revision" : "4a466d2513922dd6c8a0da723f2a7d92ac0dcafc",
        "version" : "3.2.4"
      }
    },
    {
      "identity" : "realm-core",
      "kind" : "remoteSourceControl",
      "location" : "https://github.com/realm/realm-core",
      "state" : {
        "revision" : "dcd3788f75bafb0cc397d145e1651aab3ad4bf0e",
        "version" : "11.12.0"
      }
    },
    {
      "identity" : "realm-swift",
      "kind" : "remoteSourceControl",
      "location" : "https://github.com/realm/realm-swift",
      "state" : {
        "revision" : "628cf20632d65d3a3e90ae8aaf52bce596d7ad8f",
        "version" : "10.24.2"
      }
    }
  ],
  "version" : 3
}
